
Microsoft Visual Studio Solution File, Format Version 12.00
# Visual Studio Version 17
VisualStudioVersion = 17.9.34714.143
MinimumVisualStudioVersion = 10.0.40219.1
Project("{2150E333-8FDC-42A3-9474-1A3956D46DE8}") = "examples", "examples", "{9CB50C3F-3B44-4DD3-8FD2-5EA9544CF395}"
EndProject
Project("{FAE04EC0-301F-11D3-BF4B-00C04F79EFBC}") = "cs104-client-reconnect", "examples\cs104-client-reconnect\cs104-client-reconnect.csproj", "{C2F4A1B8-3D5E-4C7A-9B2D-1E6F8A0C4D5E}"
EndProject
Project("{FAE04EC0-301F-11D3-BF4B-00C04F79EFBC}") = "cs101-master-balanced", "examples\cs101-master-balanced\cs101-master-balanced.csproj", "{717E2D6B-6D95-4124-9BDC-25D6A4C2DAA1}"
EndProject
Project("{FAE04EC0-301F-11D3-BF4B-00C04F79EFBC}") = "cs101-master-unbalanced", "examples\cs101-master-unbalanced\cs101-master-unbalanced.csproj", "{C7A70451-4FA3-44BC-B49E-216B08ED7201}"
EndProject
Project("{FAE04EC0-301F-11D3-BF4B-00C04F79EFBC}") = "cs101-slave-tcp", "examples\cs101-slave-tcp\cs101-slave-tcp.csproj", "{106A11C4-5599-4DF1-915F-4E7FE18E343C}"
EndProject
Project("{FAE04EC0-301F-11D3-BF4B-00C04F79EFBC}") = "cs104-client1", "examples\cs104-client1\cs104-client1.csproj", "{E14DCD9B-70ED-4CF5-86C9-7F69CE70C0BC}"
EndProject
Project("{FAE04EC0-301F-11D3-BF4B-00C04F79EFBC}") = "cs104-client3", "examples\cs104-client3\cs104-client3.csproj", "{11E506C3-07F7-472A-BB79-E19BBA703E38}"
EndProject
Project("{FAE04EC0-301F-11D3-BF4B-00C04F79EFBC}") = "cs104-control-select-execute", "examples\cs104-control-select-execute\cs104-control-select-execute.csproj", "{A1B2C3D4-5E6F-4A7B-8C9D-0E1F2A3B4C5D}"
EndProject
Project("{FAE04EC0-301F-11D3-BF4B-00C04F79EFBC}") = "cs104-multi-client-server", "examples\cs104-multi-client-server\cs104-multi-client-server.csproj", "{7705E4BB-975D-4B37-93DD-58923142D395}"
EndProject
Project("{FAE04EC0-301F-11D3-BF4B-00C04F79EFBC}") = "cs104-server", "examples\cs104-server\cs104-server.csproj", "{54148FF3-92E5-492E-AC2F-089BCED919CE}"
EndProject
Project("{FAE04EC0-301F-11D3-BF4B-00C04F79EFBC}") = "cs104-server3", "examples\cs104-server3\cs104-server3.csproj", "{96E1778C-ED0A-4A82-9933-0333AB527F3A}"
EndProject
Project("{FAE04EC0-301F-11D3-BF4B-00C04F79EFBC}") = "cs104-xuji-private-ioa", "examples\cs104-xuji-private-ioa\cs104-xuji-private-ioa.csproj", "{A7B8C9D0-1E2F-4A3B-5C6D-7E8F9A0B1C2D}"
EndProject
Project("{FAE04EC0-301F-11D3-BF4B-00C04F79EFBC}") = "cs104-tls-client", "examples\cs104-tls-client\cs104-tls-client.csproj", "{C4909200-17C6-4705-81A6-C78AE9998808}"
EndProject
Project("{FAE04EC0-301F-11D3-BF4B-00C04F79EFBC}") = "cs101-master-tcp", "examples\cs101-master-tcp\cs101-master-tcp.csproj", "{AA2D0F91-1D03-4F6C-8F65-D5D7862CD4EA}"
EndProject
Project("{FAE04EC0-301F-11D3-BF4B-00C04F79EFBC}") = "cs101-slave-balanced", "examples\cs101-slave-balanced\cs101-slave-balanced.csproj", "{2572DCFC-CA06-4442-B40C-076F3C88C62B}"
EndProject
Project("{FAE04EC0-301F-11D3-BF4B-00C04F79EFBC}") = "cs101-slave-unbalanced", "examples\cs101-slave-unbalanced\cs101-slave-unbalanced.csproj", "{8BB7EAB4-AEDE-4552-8370-9C3F0E8E1EE5}"
EndProject
Project("{FAE04EC0-301F-11D3-BF4B-00C04F79EFBC}") = "cs104-client2", "examples\cs104-client2\cs104-client2.csproj", "{A7F150EB-E49D-43D9-A151-82E56B4507E6}"
EndProject
Project("{FAE04EC0-301F-11D3-BF4B-00C04F79EFBC}") = "cs104-client-file-upload", "examples\cs104-client-file-upload\cs104-client-file-upload.csproj", "{55B371B9-ABDA-4DFC-8F78-8B4A37B31F5A}"
EndProject
Project("{FAE04EC0-301F-11D3-BF4B-00C04F79EFBC}") = "cs104-redundancy-server", "examples\cs104-redundancy-server\cs104-redundancy-server.csproj", "{3CBBD8D0-153C-4837-A13B-F0020D2A3AE1}"
EndProject
Project("{FAE04EC0-301F-11D3-BF4B-00C04F79EFBC}") = "cs104-server2", "examples\cs104-server2\cs104-server2.csproj", "{363E56EF-108A-4158-97BB-1EEF8192DCE2}"
EndProject
Project("{FAE04EC0-301F-11D3-BF4B-00C04F79EFBC}") = "cs104-server-file", "examples\cs104-server-file\cs104-server-file.csproj", "{A1F0FD8D-47EB-4552-AFBB-41B113259AE4}"
EndProject
Project("{FAE04EC0-301F-11D3-BF4B-00C04F79EFBC}") = "cs104-tls-server", "examples\cs104-tls-server\cs104-tls-server.csproj", "{A4EC8041-ADB8-4865-A08D-9DDBDF77DF31}"
EndProject
Project("{FAE04EC0-301F-11D3-BF4B-00C04F79EFBC}") = "IEC60870.Core", "IEC60870.Core\IEC60870.Core.csproj", "{77E21DDD-3D30-436F-BF0D-A581CDB5FD3F}"
EndProject
Project("{FAE04EC0-301F-11D3-BF4B-00C04F79EFBC}") = "IEC60870.CS104", "IEC60870.CS104\IEC60870.CS104.csproj", "{9C44EBF3-E4D2-4AEB-B837-07DBD77A5501}"
EndProject
Project("{FAE04EC0-301F-11D3-BF4B-00C04F79EFBC}") = "IEC60870.CS101", "IEC60870.CS101\IEC60870.CS101.csproj", "{B7A1F2C3-4D5E-4F60-8A9B-0C1D2E3F4A5B}"
EndProject
Project("{FAE04EC0-301F-11D3-BF4B-00C04F79EFBC}") = "tests-cs104", "tests-cs104\tests-cs104.csproj", "{D2E3F4A5-6B7C-4D8E-9F0A-1B2C3D4E5F6A}"
EndProject
Global
	GlobalSection(SolutionConfigurationPlatforms) = preSolution
		Debug|Any CPU = Debug|Any CPU
		Debug|x64 = Debug|x64
		Debug|x86 = Debug|x86
		Release|Any CPU = Release|Any CPU
		Release|x64 = Release|x64
		Release|x86 = Release|x86
	EndGlobalSection
	GlobalSection(ProjectConfigurationPlatforms) = postSolution
		{C2F4A1B8-3D5E-4C7A-9B2D-1E6F8A0C4D5E}.Debug|Any CPU.ActiveCfg = Debug|Any CPU
		{C2F4A1B8-3D5E-4C7A-9B2D-1E6F8A0C4D5E}.Debug|Any CPU.Build.0 = Debug|Any CPU
		{C2F4A1B8-3D5E-4C7A-9B2D-1E6F8A0C4D5E}.Debug|x64.ActiveCfg = Debug|Any CPU
		{C2F4A1B8-3D5E-4C7A-9B2D-1E6F8A0C4D5E}.Debug|x64.Build.0 = Debug|Any CPU
		{C2F4A1B8-3D5E-4C7A-9B2D-1E6F8A0C4D5E}.Debug|x86.ActiveCfg = Debug|Any CPU
		{C2F4A1B8-3D5E-4C7A-9B2D-1E6F8A0C4D5E}.Debug|x86.Build.0 = Debug|Any CPU
		{C2F4A1B8-3D5E-4C7A-9B2D-1E6F8A0C4D5E}.Release|Any CPU.ActiveCfg = Release|Any CPU
		{C2F4A1B8-3D5E-4C7A-9B2D-1E6F8A0C4D5E}.Release|Any CPU.Build.0 = Release|Any CPU
		{C2F4A1B8-3D5E-4C7A-9B2D-1E6F8A0C4D5E}.Release|x64.ActiveCfg = Release|Any CPU
		{C2F4A1B8-3D5E-4C7A-9B2D-1E6F8A0C4D5E}.Release|x64.Build.0 = Release|Any CPU
		{C2F4A1B8-3D5E-4C7A-9B2D-1E6F8A0C4D5E}.Release|x86.ActiveCfg = Release|Any CPU
		{C2F4A1B8-3D5E-4C7A-9B2D-1E6F8A0C4D5E}.Release|x86.Build.0 = Release|Any CPU
		{717E2D6B-6D95-4124-9BDC-25D6A4C2DAA1}.Debug|Any CPU.ActiveCfg = Debug|Any CPU
		{717E2D6B-6D95-4124-9BDC-25D6A4C2DAA1}.Debug|Any CPU.Build.0 = Debug|Any CPU
		{717E2D6B-6D95-4124-9BDC-25D6A4C2DAA1}.Debug|x64.ActiveCfg = Debug|Any CPU
		{717E2D6B-6D95-4124-9BDC-25D6A4C2DAA1}.Debug|x64.Build.0 = Debug|Any CPU
		{717E2D6B-6D95-4124-9BDC-25D6A4C2DAA1}.Debug|x86.ActiveCfg = Debug|Any CPU
		{717E2D6B-6D95-4124-9BDC-25D6A4C2DAA1}.Debug|x86.Build.0 = Debug|Any CPU
		{717E2D6B-6D95-4124-9BDC-25D6A4C2DAA1}.Release|Any CPU.ActiveCfg = Release|Any CPU
		{717E2D6B-6D95-4124-9BDC-25D6A4C2DAA1}.Release|Any CPU.Build.0 = Release|Any CPU
		{717E2D6B-6D95-4124-9BDC-25D6A4C2DAA1}.Release|x64.ActiveCfg = Release|Any CPU
		{717E2D6B-6D95-4124-9BDC-25D6A4C2DAA1}.Release|x64.Build.0 = Release|Any CPU
		{717E2D6B-6D95-4124-9BDC-25D6A4C2DAA1}.Release|x86.ActiveCfg = Release|Any CPU
		{717E2D6B-6D95-4124-9BDC-25D6A4C2DAA1}.Release|x86.Build.0 = Release|Any CPU
		{C7A70451-4FA3-44BC-B49E-216B08ED7201}.Debug|Any CPU.ActiveCfg = Debug|Any CPU
		{C7A70451-4FA3-44BC-B49E-216B08ED7201}.Debug|Any CPU.Build.0 = Debug|Any CPU
		{C7A70451-4FA3-44BC-B49E-216B08ED7201}.Debug|x64.ActiveCfg = Debug|Any CPU
		{C7A70451-4FA3-44BC-B49E-216B08ED7201}.Debug|x64.Build.0 = Debug|Any CPU
		{C7A70451-4FA3-44BC-B49E-216B08ED7201}.Debug|x86.ActiveCfg = Debug|Any CPU
		{C7A70451-4FA3-44BC-B49E-216B08ED7201}.Debug|x86.Build.0 = Debug|Any CPU
		{C7A70451-4FA3-44BC-B49E-216B08ED7201}.Release|Any CPU.ActiveCfg = Release|Any CPU
		{C7A70451-4FA3-44BC-B49E-216B08ED7201}.Release|Any CPU.Build.0 = Release|Any CPU
		{C7A70451-4FA3-44BC-B49E-216B08ED7201}.Release|x64.ActiveCfg = Release|Any CPU
		{C7A70451-4FA3-44BC-B49E-216B08ED7201}.Release|x64.Build.0 = Release|Any CPU
		{C7A70451-4FA3-44BC-B49E-216B08ED7201}.Release|x86.ActiveCfg = Release|Any CPU
		{C7A70451-4FA3-44BC-B49E-216B08ED7201}.Release|x86.Build.0 = Release|Any CPU
		{106A11C4-5599-4DF1-915F-4E7FE18E343C}.Debug|Any CPU.ActiveCfg = Debug|Any CPU
		{106A11C4-5599-4DF1-915F-4E7FE18E343C}.Debug|Any CPU.Build.0 = Debug|Any CPU
		{106A11C4-5599-4DF1-915F-4E7FE18E343C}.Debug|x64.ActiveCfg = Debug|Any CPU
		{106A11C4-5599-4DF1-915F-4E7FE18E343C}.Debug|x64.Build.0 = Debug|Any CPU
		{106A11C4-5599-4DF1-915F-4E7FE18E343C}.Debug|x86.ActiveCfg = Debug|Any CPU
		{106A11C4-5599-4DF1-915F-4E7FE18E343C}.Debug|x86.Build.0 = Debug|Any CPU
		{106A11C4-5599-4DF1-915F-4E7FE18E343C}.Release|Any CPU.ActiveCfg = Release|Any CPU
		{106A11C4-5599-4DF1-915F-4E7FE18E343C}.Release|Any CPU.Build.0 = Release|Any CPU
		{106A11C4-5599-4DF1-915F-4E7FE18E343C}.Release|x64.ActiveCfg = Release|Any CPU
		{106A11C4-5599-4DF1-915F-4E7FE18E343C}.Release|x64.Build.0 = Release|Any CPU
		{106A11C4-5599-4DF1-915F-4E7FE18E343C}.Release|x86.ActiveCfg = Release|Any CPU
		{106A11C4-5599-4DF1-915F-4E7FE18E343C}.Release|x86.Build.0 = Release|Any CPU
		{E14DCD9B-70ED-4CF5-86C9-7F69CE70C0BC}.Debug|Any CPU.ActiveCfg = Debug|Any CPU
		{E14DCD9B-70ED-4CF5-86C9-7F69CE70C0BC}.Debug|Any CPU.Build.0 = Debug|Any CPU
		{E14DCD9B-70ED-4CF5-86C9-7F69CE70C0BC}.Debug|x64.ActiveCfg = Debug|Any CPU
		{E14DCD9B-70ED-4CF5-86C9-7F69CE70C0BC}.Debug|x64.Build.0 = Debug|Any CPU
		{E14DCD9B-70ED-4CF5-86C9-7F69CE70C0BC}.Debug|x86.ActiveCfg = Debug|Any CPU
		{E14DCD9B-70ED-4CF5-86C9-7F69CE70C0BC}.Debug|x86.Build.0 = Debug|Any CPU
		{E14DCD9B-70ED-4CF5-86C9-7F69CE70C0BC}.Release|Any CPU.ActiveCfg = Release|Any CPU
		{E14DCD9B-70ED-4CF5-86C9-7F69CE70C0BC}.Release|Any CPU.Build.0 = Release|Any CPU
		{E14DCD9B-70ED-4CF5-86C9-7F69CE70C0BC}.Release|x64.ActiveCfg = Release|Any CPU
		{E14DCD9B-70ED-4CF5-86C9-7F69CE70C0BC}.Release|x64.Build.0 = Release|Any CPU
		{E14DCD9B-70ED-4CF5-86C9-7F69CE70C0BC}.Release|x86.ActiveCfg = Release|Any CPU
		{E14DCD9B-70ED-4CF5-86C9-7F69CE70C0BC}.Release|x86.Build.0 = Release|Any CPU
		{11E506C3-07F7-472A-BB79-E19BBA703E38}.Debug|Any CPU.ActiveCfg = Debug|Any CPU
		{11E506C3-07F7-472A-BB79-E19BBA703E38}.Debug|Any CPU.Build.0 = Debug|Any CPU
		{11E506C3-07F7-472A-BB79-E19BBA703E38}.Debug|x64.ActiveCfg = Debug|Any CPU
		{11E506C3-07F7-472A-BB79-E19BBA703E38}.Debug|x64.Build.0 = Debug|Any CPU
		{11E506C3-07F7-472A-BB79-E19BBA703E38}.Debug|x86.ActiveCfg = Debug|Any CPU
		{11E506C3-07F7-472A-BB79-E19BBA703E38}.Debug|x86.Build.0 = Debug|Any CPU
		{11E506C3-07F7-472A-BB79-E19BBA703E38}.Release|Any CPU.ActiveCfg = Release|Any CPU
		{11E506C3-07F7-472A-BB79-E19BBA703E38}.Release|Any CPU.Build.0 = Release|Any CPU
		{11E506C3-07F7-472A-BB79-E19BBA703E38}.Release|x64.ActiveCfg = Release|Any CPU
		{11E506C3-07F7-472A-BB79-E19BBA703E38}.Release|x64.Build.0 = Release|Any CPU
		{11E506C3-07F7-472A-BB79-E19BBA703E38}.Release|x86.ActiveCfg = Release|Any CPU
		{11E506C3-07F7-472A-BB79-E19BBA703E38}.Release|x86.Build.0 = Release|Any CPU
		{A1B2C3D4-5E6F-4A7B-8C9D-0E1F2A3B4C5D}.Debug|Any CPU.ActiveCfg = Debug|Any CPU
		{A1B2C3D4-5E6F-4A7B-8C9D-0E1F2A3B4C5D}.Debug|Any CPU.Build.0 = Debug|Any CPU
		{A1B2C3D4-5E6F-4A7B-8C9D-0E1F2A3B4C5D}.Debug|x64.ActiveCfg = Debug|Any CPU
		{A1B2C3D4-5E6F-4A7B-8C9D-0E1F2A3B4C5D}.Debug|x64.Build.0 = Debug|Any CPU
		{A1B2C3D4-5E6F-4A7B-8C9D-0E1F2A3B4C5D}.Debug|x86.ActiveCfg = Debug|Any CPU
		{A1B2C3D4-5E6F-4A7B-8C9D-0E1F2A3B4C5D}.Debug|x86.Build.0 = Debug|Any CPU
		{A1B2C3D4-5E6F-4A7B-8C9D-0E1F2A3B4C5D}.Release|Any CPU.ActiveCfg = Release|Any CPU
		{A1B2C3D4-5E6F-4A7B-8C9D-0E1F2A3B4C5D}.Release|Any CPU.Build.0 = Release|Any CPU
		{A1B2C3D4-5E6F-4A7B-8C9D-0E1F2A3B4C5D}.Release|x64.ActiveCfg = Release|Any CPU
		{A1B2C3D4-5E6F-4A7B-8C9D-0E1F2A3B4C5D}.Release|x64.Build.0 = Release|Any CPU
		{A1B2C3D4-5E6F-4A7B-8C9D-0E1F2A3B4C5D}.Release|x86.ActiveCfg = Release|Any CPU
		{A1B2C3D4-5E6F-4A7B-8C9D-0E1F2A3B4C5D}.Release|x86.Build.0 = Release|Any CPU
		{7705E4BB-975D-4B37-93DD-58923142D395}.Debug|Any CPU.ActiveCfg = Debug|Any CPU
		{7705E4BB-975D-4B37-93DD-58923142D395}.Debug|Any CPU.Build.0 = Debug|Any CPU
		{7705E4BB-975D-4B37-93DD-58923142D395}.Debug|x64.ActiveCfg = Debug|Any CPU
		{7705E4BB-975D-4B37-93DD-58923142D395}.Debug|x64.Build.0 = Debug|Any CPU
		{7705E4BB-975D-4B37-93DD-58923142D395}.Debug|x86.ActiveCfg = Debug|Any CPU
		{7705E4BB-975D-4B37-93DD-58923142D395}.Debug|x86.Build.0 = Debug|Any CPU
		{7705E4BB-975D-4B37-93DD-58923142D395}.Release|Any CPU.ActiveCfg = Release|Any CPU
		{7705E4BB-975D-4B37-93DD-58923142D395}.Release|Any CPU.Build.0 = Release|Any CPU
		{7705E4BB-975D-4B37-93DD-58923142D395}.Release|x64.ActiveCfg = Release|Any CPU
		{7705E4BB-975D-4B37-93DD-58923142D395}.Release|x64.Build.0 = Release|Any CPU
		{7705E4BB-975D-4B37-93DD-58923142D395}.Release|x86.ActiveCfg = Release|Any CPU
		{7705E4BB-975D-4B37-93DD-58923142D395}.Release|x86.Build.0 = Release|Any CPU
		{54148FF3-92E5-492E-AC2F-089BCED919CE}.Debug|Any CPU.ActiveCfg = Debug|Any CPU
		{54148FF3-92E5-492E-AC2F-089BCED919CE}.Debug|Any CPU.Build.0 = Debug|Any CPU
		{54148FF3-92E5-492E-AC2F-089BCED919CE}.Debug|x64.ActiveCfg = Debug|Any CPU
		{54148FF3-92E5-492E-AC2F-089BCED919CE}.Debug|x64.Build.0 = Debug|Any CPU
		{54148FF3-92E5-492E-AC2F-089BCED919CE}.Debug|x86.ActiveCfg = Debug|Any CPU
		{54148FF3-92E5-492E-AC2F-089BCED919CE}.Debug|x86.Build.0 = Debug|Any CPU
		{54148FF3-92E5-492E-AC2F-089BCED919CE}.Release|Any CPU.ActiveCfg = Release|Any CPU
		{54148FF3-92E5-492E-AC2F-089BCED919CE}.Release|Any CPU.Build.0 = Release|Any CPU
		{54148FF3-92E5-492E-AC2F-089BCED919CE}.Release|x64.ActiveCfg = Release|Any CPU
		{54148FF3-92E5-492E-AC2F-089BCED919CE}.Release|x64.Build.0 = Release|Any CPU
		{54148FF3-92E5-492E-AC2F-089BCED919CE}.Release|x86.ActiveCfg = Release|Any CPU
		{54148FF3-92E5-492E-AC2F-089BCED919CE}.Release|x86.Build.0 = Release|Any CPU
		{96E1778C-ED0A-4A82-9933-0333AB527F3A}.Debug|Any CPU.ActiveCfg = Debug|Any CPU
		{96E1778C-ED0A-4A82-9933-0333AB527F3A}.Debug|Any CPU.Build.0 = Debug|Any CPU
		{96E1778C-ED0A-4A82-9933-0333AB527F3A}.Debug|x64.ActiveCfg = Debug|Any CPU
		{96E1778C-ED0A-4A82-9933-0333AB527F3A}.Debug|x64.Build.0 = Debug|Any CPU
		{96E1778C-ED0A-4A82-9933-0333AB527F3A}.Debug|x86.ActiveCfg = Debug|Any CPU
		{96E1778C-ED0A-4A82-9933-0333AB527F3A}.Debug|x86.Build.0 = Debug|Any CPU
		{96E1778C-ED0A-4A82-9933-0333AB527F3A}.Release|Any CPU.ActiveCfg = Release|Any CPU
		{96E1778C-ED0A-4A82-9933-0333AB527F3A}.Release|Any CPU.Build.0 = Release|Any CPU
		{96E1778C-ED0A-4A82-9933-0333AB527F3A}.Release|x64.ActiveCfg = Release|Any CPU
		{96E1778C-ED0A-4A82-9933-0333AB527F3A}.Release|x64.Build.0 = Release|Any CPU
		{96E1778C-ED0A-4A82-9933-0333AB527F3A}.Release|x86.ActiveCfg = Release|Any CPU
		{96E1778C-ED0A-4A82-9933-0333AB527F3A}.Release|x86.Build.0 = Release|Any CPU
		{A7B8C9D0-1E2F-4A3B-5C6D-7E8F9A0B1C2D}.Debug|Any CPU.ActiveCfg = Debug|Any CPU
		{A7B8C9D0-1E2F-4A3B-5C6D-7E8F9A0B1C2D}.Debug|Any CPU.Build.0 = Debug|Any CPU
		{A7B8C9D0-1E2F-4A3B-5C6D-7E8F9A0B1C2D}.Debug|x64.ActiveCfg = Debug|Any CPU
		{A7B8C9D0-1E2F-4A3B-5C6D-7E8F9A0B1C2D}.Debug|x64.Build.0 = Debug|Any CPU
		{A7B8C9D0-1E2F-4A3B-5C6D-7E8F9A0B1C2D}.Debug|x86.ActiveCfg = Debug|Any CPU
		{A7B8C9D0-1E2F-4A3B-5C6D-7E8F9A0B1C2D}.Debug|x86.Build.0 = Debug|Any CPU
		{A7B8C9D0-1E2F-4A3B-5C6D-7E8F9A0B1C2D}.Release|Any CPU.ActiveCfg = Release|Any CPU
		{A7B8C9D0-1E2F-4A3B-5C6D-7E8F9A0B1C2D}.Release|Any CPU.Build.0 = Release|Any CPU
		{A7B8C9D0-1E2F-4A3B-5C6D-7E8F9A0B1C2D}.Release|x64.ActiveCfg = Release|Any CPU
		{A7B8C9D0-1E2F-4A3B-5C6D-7E8F9A0B1C2D}.Release|x64.Build.0 = Release|Any CPU
		{A7B8C9D0-1E2F-4A3B-5C6D-7E8F9A0B1C2D}.Release|x86.ActiveCfg = Release|Any CPU
		{A7B8C9D0-1E2F-4A3B-5C6D-7E8F9A0B1C2D}.Release|x86.Build.0 = Release|Any CPU
		{C4909200-17C6-4705-81A6-C78AE9998808}.Debug|Any CPU.ActiveCfg = Debug|Any CPU
		{C4909200-17C6-4705-81A6-C78AE9998808}.Debug|Any CPU.Build.0 = Debug|Any CPU
		{C4909200-17C6-4705-81A6-C78AE9998808}.Debug|x64.ActiveCfg = Debug|Any CPU
		{C4909200-17C6-4705-81A6-C78AE9998808}.Debug|x64.Build.0 = Debug|Any CPU
		{C4909200-17C6-4705-81A6-C78AE9998808}.Debug|x86.ActiveCfg = Debug|Any CPU
		{C4909200-17C6-4705-81A6-C78AE9998808}.Debug|x86.Build.0 = Debug|Any CPU
		{C4909200-17C6-4705-81A6-C78AE9998808}.Release|Any CPU.ActiveCfg = Release|Any CPU
		{C4909200-17C6-4705-81A6-C78AE9998808}.Release|Any CPU.Build.0 = Release|Any CPU
		{C4909200-17C6-4705-81A6-C78AE9998808}.Release|x64.ActiveCfg = Release|Any CPU
		{C4909200-17C6-4705-81A6-C78AE9998808}.Release|x64.Build.0 = Release|Any CPU
		{C4909200-17C6-4705-81A6-C78AE9998808}.Release|x86.ActiveCfg = Release|Any CPU
		{C4909200-17C6-4705-81A6-C78AE9998808}.Release|x86.Build.0 = Release|Any CPU
		{AA2D0F91-1D03-4F6C-8F65-D5D7862CD4EA}.Debug|Any CPU.ActiveCfg = Debug|Any CPU
		{AA2D0F91-1D03-4F6C-8F65-D5D7862CD4EA}.Debug|Any CPU.Build.0 = Debug|Any CPU
		{AA2D0F91-1D03-4F6C-8F65-D5D7862CD4EA}.Debug|x64.ActiveCfg = Debug|Any CPU
		{AA2D0F91-1D03-4F6C-8F65-D5D7862CD4EA}.Debug|x64.Build.0 = Debug|Any CPU
		{AA2D0F91-1D03-4F6C-8F65-D5D7862CD4EA}.Debug|x86.ActiveCfg = Debug|Any CPU
		{AA2D0F91-1D03-4F6C-8F65-D5D7862CD4EA}.Debug|x86.Build.0 = Debug|Any CPU
		{AA2D0F91-1D03-4F6C-8F65-D5D7862CD4EA}.Release|Any CPU.ActiveCfg = Release|Any CPU
		{AA2D0F91-1D03-4F6C-8F65-D5D7862CD4EA}.Release|Any CPU.Build.0 = Release|Any CPU
		{AA2D0F91-1D03-4F6C-8F65-D5D7862CD4EA}.Release|x64.ActiveCfg = Release|Any CPU
		{AA2D0F91-1D03-4F6C-8F65-D5D7862CD4EA}.Release|x64.Build.0 = Release|Any CPU
		{AA2D0F91-1D03-4F6C-8F65-D5D7862CD4EA}.Release|x86.ActiveCfg = Release|Any CPU
		{AA2D0F91-1D03-4F6C-8F65-D5D7862CD4EA}.Release|x86.Build.0 = Release|Any CPU
		{2572DCFC-CA06-4442-B40C-076F3C88C62B}.Debug|Any CPU.ActiveCfg = Debug|Any CPU
		{2572DCFC-CA06-4442-B40C-076F3C88C62B}.Debug|Any CPU.Build.0 = Debug|Any CPU
		{2572DCFC-CA06-4442-B40C-076F3C88C62B}.Debug|x64.ActiveCfg = Debug|Any CPU
		{2572DCFC-CA06-4442-B40C-076F3C88C62B}.Debug|x64.Build.0 = Debug|Any CPU
		{2572DCFC-CA06-4442-B40C-076F3C88C62B}.Debug|x86.ActiveCfg = Debug|Any CPU
		{2572DCFC-CA06-4442-B40C-076F3C88C62B}.Debug|x86.Build.0 = Debug|Any CPU
		{2572DCFC-CA06-4442-B40C-076F3C88C62B}.Release|Any CPU.ActiveCfg = Debug|Any CPU
		{2572DCFC-CA06-4442-B40C-076F3C88C62B}.Release|Any CPU.Build.0 = Debug|Any CPU
		{2572DCFC-CA06-4442-B40C-076F3C88C62B}.Release|x64.ActiveCfg = Release|Any CPU
		{2572DCFC-CA06-4442-B40C-076F3C88C62B}.Release|x64.Build.0 = Release|Any CPU
		{2572DCFC-CA06-4442-B40C-076F3C88C62B}.Release|x86.ActiveCfg = Release|Any CPU
		{2572DCFC-CA06-4442-B40C-076F3C88C62B}.Release|x86.Build.0 = Release|Any CPU
		{8BB7EAB4-AEDE-4552-8370-9C3F0E8E1EE5}.Debug|Any CPU.ActiveCfg = Debug|Any CPU
		{8BB7EAB4-AEDE-4552-8370-9C3F0E8E1EE5}.Debug|Any CPU.Build.0 = Debug|Any CPU
		{8BB7EAB4-AEDE-4552-8370-9C3F0E8E1EE5}.Debug|x64.ActiveCfg = Debug|Any CPU
		{8BB7EAB4-AEDE-4552-8370-9C3F0E8E1EE5}.Debug|x64.Build.0 = Debug|Any CPU
		{8BB7EAB4-AEDE-4552-8370-9C3F0E8E1EE5}.Debug|x86.ActiveCfg = Debug|Any CPU
		{8BB7EAB4-AEDE-4552-8370-9C3F0E8E1EE5}.Debug|x86.Build.0 = Debug|Any CPU
		{8BB7EAB4-AEDE-4552-8370-9C3F0E8E1EE5}.Release|Any CPU.ActiveCfg = Release|Any CPU
		{8BB7EAB4-AEDE-4552-8370-9C3F0E8E1EE5}.Release|Any CPU.Build.0 = Release|Any CPU
		{8BB7EAB4-AEDE-4552-8370-9C3F0E8E1EE5}.Release|x64.ActiveCfg = Release|Any CPU
		{8BB7EAB4-AEDE-4552-8370-9C3F0E8E1EE5}.Release|x64.Build.0 = Release|Any CPU
		{8BB7EAB4-AEDE-4552-8370-9C3F0E8E1EE5}.Release|x86.ActiveCfg = Release|Any CPU
		{8BB7EAB4-AEDE-4552-8370-9C3F0E8E1EE5}.Release|x86.Build.0 = Release|Any CPU
		{A7F150EB-E49D-43D9-A151-82E56B4507E6}.Debug|Any CPU.ActiveCfg = Debug|Any CPU
		{A7F150EB-E49D-43D9-A151-82E56B4507E6}.Debug|Any CPU.Build.0 = Debug|Any CPU
		{A7F150EB-E49D-43D9-A151-82E56B4507E6}.Debug|x64.ActiveCfg = Debug|Any CPU
		{A7F150EB-E49D-43D9-A151-82E56B4507E6}.Debug|x64.Build.0 = Debug|Any CPU
		{A7F150EB-E49D-43D9-A151-82E56B4507E6}.Debug|x86.ActiveCfg = Debug|Any CPU
		{A7F150EB-E49D-43D9-A151-82E56B4507E6}.Debug|x86.Build.0 = Debug|Any CPU
		{A7F150EB-E49D-43D9-A151-82E56B4507E6}.Release|Any CPU.ActiveCfg = Release|Any CPU
		{A7F150EB-E49D-43D9-A151-82E56B4507E6}.Release|Any CPU.Build.0 = Release|Any CPU
		{A7F150EB-E49D-43D9-A151-82E56B4507E6}.Release|x64.ActiveCfg = Release|Any CPU
		{A7F150EB-E49D-43D9-A151-82E56B4507E6}.Release|x64.Build.0 = Release|Any CPU
		{A7F150EB-E49D-43D9-A151-82E56B4507E6}.Release|x86.ActiveCfg = Release|Any CPU
		{A7F150EB-E49D-43D9-A151-82E56B4507E6}.Release|x86.Build.0 = Release|Any CPU
		{55B371B9-ABDA-4DFC-8F78-8B4A37B31F5A}.Debug|Any CPU.ActiveCfg = Debug|Any CPU
		{55B371B9-ABDA-4DFC-8F78-8B4A37B31F5A}.Debug|Any CPU.Build.0 = Debug|Any CPU
		{55B371B9-ABDA-4DFC-8F78-8B4A37B31F5A}.Debug|x64.ActiveCfg = Debug|Any CPU
		{55B371B9-ABDA-4DFC-8F78-8B4A37B31F5A}.Debug|x64.Build.0 = Debug|Any CPU
		{55B371B9-ABDA-4DFC-8F78-8B4A37B31F5A}.Debug|x86.ActiveCfg = Debug|Any CPU
		{55B371B9-ABDA-4DFC-8F78-8B4A37B31F5A}.Debug|x86.Build.0 = Debug|Any CPU
		{55B371B9-ABDA-4DFC-8F78-8B4A37B31F5A}.Release|Any CPU.ActiveCfg = Release|Any CPU
		{55B371B9-ABDA-4DFC-8F78-8B4A37B31F5A}.Release|Any CPU.Build.0 = Release|Any CPU
		{55B371B9-ABDA-4DFC-8F78-8B4A37B31F5A}.Release|x64.ActiveCfg = Release|Any CPU
		{55B371B9-ABDA-4DFC-8F78-8B4A37B31F5A}.Release|x64.Build.0 = Release|Any CPU
		{55B371B9-ABDA-4DFC-8F78-8B4A37B31F5A}.Release|x86.ActiveCfg = Release|Any CPU
		{55B371B9-ABDA-4DFC-8F78-8B4A37B31F5A}.Release|x86.Build.0 = Release|Any CPU
		{3CBBD8D0-153C-4837-A13B-F0020D2A3AE1}.Debug|Any CPU.ActiveCfg = Debug|Any CPU
		{3CBBD8D0-153C-4837-A13B-F0020D2A3AE1}.Debug|Any CPU.Build.0 = Debug|Any CPU
		{3CBBD8D0-153C-4837-A13B-F0020D2A3AE1}.Debug|x64.ActiveCfg = Debug|Any CPU
		{3CBBD8D0-153C-4837-A13B-F0020D2A3AE1}.Debug|x64.Build.0 = Debug|Any CPU
		{3CBBD8D0-153C-4837-A13B-F0020D2A3AE1}.Debug|x86.ActiveCfg = Debug|Any CPU
		{3CBBD8D0-153C-4837-A13B-F0020D2A3AE1}.Debug|x86.Build.0 = Debug|Any CPU
		{3CBBD8D0-153C-4837-A13B-F0020D2A3AE1}.Release|Any CPU.ActiveCfg = Release|Any CPU
		{3CBBD8D0-153C-4837-A13B-F0020D2A3AE1}.Release|Any CPU.Build.0 = Release|Any CPU
		{3CBBD8D0-153C-4837-A13B-F0020D2A3AE1}.Release|x64.ActiveCfg = Release|Any CPU
		{3CBBD8D0-153C-4837-A13B-F0020D2A3AE1}.Release|x64.Build.0 = Release|Any CPU
		{3CBBD8D0-153C-4837-A13B-F0020D2A3AE1}.Release|x86.ActiveCfg = Release|Any CPU
		{3CBBD8D0-153C-4837-A13B-F0020D2A3AE1}.Release|x86.Build.0 = Release|Any CPU
		{363E56EF-108A-4158-97BB-1EEF8192DCE2}.Debug|Any CPU.ActiveCfg = Debug|Any CPU
		{363E56EF-108A-4158-97BB-1EEF8192DCE2}.Debug|Any CPU.Build.0 = Debug|Any CPU
		{363E56EF-108A-4158-97BB-1EEF8192DCE2}.Debug|x64.ActiveCfg = Debug|Any CPU
		{363E56EF-108A-4158-97BB-1EEF8192DCE2}.Debug|x64.Build.0 = Debug|Any CPU
		{363E56EF-108A-4158-97BB-1EEF8192DCE2}.Debug|x86.ActiveCfg = Debug|Any CPU
		{363E56EF-108A-4158-97BB-1EEF8192DCE2}.Debug|x86.Build.0 = Debug|Any CPU
		{363E56EF-108A-4158-97BB-1EEF8192DCE2}.Release|Any CPU.ActiveCfg = Release|Any CPU
		{363E56EF-108A-4158-97BB-1EEF8192DCE2}.Release|Any CPU.Build.0 = Release|Any CPU
		{363E56EF-108A-4158-97BB-1EEF8192DCE2}.Release|x64.ActiveCfg = Release|Any CPU
		{363E56EF-108A-4158-97BB-1EEF8192DCE2}.Release|x64.Build.0 = Release|Any CPU
		{363E56EF-108A-4158-97BB-1EEF8192DCE2}.Release|x86.ActiveCfg = Release|Any CPU
		{363E56EF-108A-4158-97BB-1EEF8192DCE2}.Release|x86.Build.0 = Release|Any CPU
		{A1F0FD8D-47EB-4552-AFBB-41B113259AE4}.Debug|Any CPU.ActiveCfg = Debug|Any CPU
		{A1F0FD8D-47EB-4552-AFBB-41B113259AE4}.Debug|Any CPU.Build.0 = Debug|Any CPU
		{A1F0FD8D-47EB-4552-AFBB-41B113259AE4}.Debug|x64.ActiveCfg = Debug|Any CPU
		{A1F0FD8D-47EB-4552-AFBB-41B113259AE4}.Debug|x64.Build.0 = Debug|Any CPU
		{A1F0FD8D-47EB-4552-AFBB-41B113259AE4}.Debug|x86.ActiveCfg = Debug|Any CPU
		{A1F0FD8D-47EB-4552-AFBB-41B113259AE4}.Debug|x86.Build.0 = Debug|Any CPU
		{A1F0FD8D-47EB-4552-AFBB-41B113259AE4}.Release|Any CPU.ActiveCfg = Release|Any CPU
		{A1F0FD8D-47EB-4552-AFBB-41B113259AE4}.Release|Any CPU.Build.0 = Release|Any CPU
		{A1F0FD8D-47EB-4552-AFBB-41B113259AE4}.Release|x64.ActiveCfg = Release|Any CPU
		{A1F0FD8D-47EB-4552-AFBB-41B113259AE4}.Release|x64.Build.0 = Release|Any CPU
		{A1F0FD8D-47EB-4552-AFBB-41B113259AE4}.Release|x86.ActiveCfg = Release|Any CPU
		{A1F0FD8D-47EB-4552-AFBB-41B113259AE4}.Release|x86.Build.0 = Release|Any CPU
		{A4EC8041-ADB8-4865-A08D-9DDBDF77DF31}.Debug|Any CPU.ActiveCfg = Debug|Any CPU
		{A4EC8041-ADB8-4865-A08D-9DDBDF77DF31}.Debug|Any CPU.Build.0 = Debug|Any CPU
		{A4EC8041-ADB8-4865-A08D-9DDBDF77DF31}.Debug|x64.ActiveCfg = Debug|Any CPU
		{A4EC8041-ADB8-4865-A08D-9DDBDF77DF31}.Debug|x64.Build.0 = Debug|Any CPU
		{A4EC8041-ADB8-4865-A08D-9DDBDF77DF31}.Debug|x86.ActiveCfg = Debug|Any CPU
		{A4EC8041-ADB8-4865-A08D-9DDBDF77DF31}.Debug|x86.Build.0 = Debug|Any CPU
		{A4EC8041-ADB8-4865-A08D-9DDBDF77DF31}.Release|Any CPU.ActiveCfg = Release|Any CPU
		{A4EC8041-ADB8-4865-A08D-9DDBDF77DF31}.Release|Any CPU.Build.0 = Release|Any CPU
		{A4EC8041-ADB8-4865-A08D-9DDBDF77DF31}.Release|x64.ActiveCfg = Release|Any CPU
		{A4EC8041-ADB8-4865-A08D-9DDBDF77DF31}.Release|x64.Build.0 = Release|Any CPU
		{A4EC8041-ADB8-4865-A08D-9DDBDF77DF31}.Release|x86.ActiveCfg = Release|Any CPU
		{A4EC8041-ADB8-4865-A08D-9DDBDF77DF31}.Release|x86.Build.0 = Release|Any CPU
		{77E21DDD-3D30-436F-BF0D-A581CDB5FD3F}.Debug|Any CPU.ActiveCfg = Debug|Any CPU
		{77E21DDD-3D30-436F-BF0D-A581CDB5FD3F}.Debug|Any CPU.Build.0 = Debug|Any CPU
		{77E21DDD-3D30-436F-BF0D-A581CDB5FD3F}.Debug|x64.ActiveCfg = Debug|Any CPU
		{77E21DDD-3D30-436F-BF0D-A581CDB5FD3F}.Debug|x64.Build.0 = Debug|Any CPU
		{77E21DDD-3D30-436F-BF0D-A581CDB5FD3F}.Debug|x86.ActiveCfg = Debug|Any CPU
		{77E21DDD-3D30-436F-BF0D-A581CDB5FD3F}.Debug|x86.Build.0 = Debug|Any CPU
		{77E21DDD-3D30-436F-BF0D-A581CDB5FD3F}.Release|Any CPU.ActiveCfg = Release|Any CPU
		{77E21DDD-3D30-436F-BF0D-A581CDB5FD3F}.Release|Any CPU.Build.0 = Release|Any CPU
		{77E21DDD-3D30-436F-BF0D-A581CDB5FD3F}.Release|x64.ActiveCfg = Release|Any CPU
		{77E21DDD-3D30-436F-BF0D-A581CDB5FD3F}.Release|x64.Build.0 = Release|Any CPU
		{77E21DDD-3D30-436F-BF0D-A581CDB5FD3F}.Release|x86.ActiveCfg = Release|Any CPU
		{77E21DDD-3D30-436F-BF0D-A581CDB5FD3F}.Release|x86.Build.0 = Release|Any CPU
		{9C44EBF3-E4D2-4AEB-B837-07DBD77A5501}.Debug|Any CPU.ActiveCfg = Debug|Any CPU
		{9C44EBF3-E4D2-4AEB-B837-07DBD77A5501}.Debug|Any CPU.Build.0 = Debug|Any CPU
		{9C44EBF3-E4D2-4AEB-B837-07DBD77A5501}.Debug|x64.ActiveCfg = Debug|Any CPU
		{9C44EBF3-E4D2-4AEB-B837-07DBD77A5501}.Debug|x64.Build.0 = Debug|Any CPU
		{9C44EBF3-E4D2-4AEB-B837-07DBD77A5501}.Debug|x86.ActiveCfg = Debug|Any CPU
		{9C44EBF3-E4D2-4AEB-B837-07DBD77A5501}.Debug|x86.Build.0 = Debug|Any CPU
		{9C44EBF3-E4D2-4AEB-B837-07DBD77A5501}.Release|Any CPU.ActiveCfg = Release|Any CPU
		{9C44EBF3-E4D2-4AEB-B837-07DBD77A5501}.Release|Any CPU.Build.0 = Release|Any CPU
		{9C44EBF3-E4D2-4AEB-B837-07DBD77A5501}.Release|x64.ActiveCfg = Release|Any CPU
		{9C44EBF3-E4D2-4AEB-B837-07DBD77A5501}.Release|x64.Build.0 = Release|Any CPU
		{9C44EBF3-E4D2-4AEB-B837-07DBD77A5501}.Release|x86.ActiveCfg = Release|Any CPU
		{9C44EBF3-E4D2-4AEB-B837-07DBD77A5501}.Release|x86.Build.0 = Release|Any CPU
		{B7A1F2C3-4D5E-4F60-8A9B-0C1D2E3F4A5B}.Debug|Any CPU.ActiveCfg = Debug|Any CPU
		{B7A1F2C3-4D5E-4F60-8A9B-0C1D2E3F4A5B}.Debug|Any CPU.Build.0 = Debug|Any CPU
		{B7A1F2C3-4D5E-4F60-8A9B-0C1D2E3F4A5B}.Debug|x64.ActiveCfg = Debug|Any CPU
		{B7A1F2C3-4D5E-4F60-8A9B-0C1D2E3F4A5B}.Debug|x64.Build.0 = Debug|Any CPU
		{B7A1F2C3-4D5E-4F60-8A9B-0C1D2E3F4A5B}.Debug|x86.ActiveCfg = Debug|Any CPU
		{B7A1F2C3-4D5E-4F60-8A9B-0C1D2E3F4A5B}.Debug|x86.Build.0 = Debug|Any CPU
		{B7A1F2C3-4D5E-4F60-8A9B-0C1D2E3F4A5B}.Release|Any CPU.ActiveCfg = Release|Any CPU
		{B7A1F2C3-4D5E-4F60-8A9B-0C1D2E3F4A5B}.Release|Any CPU.Build.0 = Release|Any CPU
		{B7A1F2C3-4D5E-4F60-8A9B-0C1D2E3F4A5B}.Release|x64.ActiveCfg = Release|Any CPU
		{B7A1F2C3-4D5E-4F60-8A9B-0C1D2E3F4A5B}.Release|x64.Build.0 = Release|Any CPU
		{B7A1F2C3-4D5E-4F60-8A9B-0C1D2E3F4A5B}.Release|x86.ActiveCfg = Release|Any CPU
		{B7A1F2C3-4D5E-4F60-8A9B-0C1D2E3F4A5B}.Release|x86.Build.0 = Release|Any CPU
		{D2E3F4A5-6B7C-4D8E-9F0A-1B2C3D4E5F6A}.Debug|Any CPU.ActiveCfg = Debug|Any CPU
		{D2E3F4A5-6B7C-4D8E-9F0A-1B2C3D4E5F6A}.Debug|Any CPU.Build.0 = Debug|Any CPU
		{D2E3F4A5-6B7C-4D8E-9F0A-1B2C3D4E5F6A}.Debug|x64.ActiveCfg = Debug|Any CPU
		{D2E3F4A5-6B7C-4D8E-9F0A-1B2C3D4E5F6A}.Debug|x64.Build.0 = Debug|Any CPU
		{D2E3F4A5-6B7C-4D8E-9F0A-1B2C3D4E5F6A}.Debug|x86.ActiveCfg = Debug|Any CPU
		{D2E3F4A5-6B7C-4D8E-9F0A-1B2C3D4E5F6A}.Debug|x86.Build.0 = Debug|Any CPU
		{D2E3F4A5-6B7C-4D8E-9F0A-1B2C3D4E5F6A}.Release|Any CPU.ActiveCfg = Release|Any CPU
		{D2E3F4A5-6B7C-4D8E-9F0A-1B2C3D4E5F6A}.Release|Any CPU.Build.0 = Release|Any CPU
		{D2E3F4A5-6B7C-4D8E-9F0A-1B2C3D4E5F6A}.Release|x64.ActiveCfg = Release|Any CPU
		{D2E3F4A5-6B7C-4D8E-9F0A-1B2C3D4E5F6A}.Release|x64.Build.0 = Release|Any CPU
		{D2E3F4A5-6B7C-4D8E-9F0A-1B2C3D4E5F6A}.Release|x86.ActiveCfg = Release|Any CPU
		{D2E3F4A5-6B7C-4D8E-9F0A-1B2C3D4E5F6A}.Release|x86.Build.0 = Release|Any CPU
	EndGlobalSection
	GlobalSection(SolutionProperties) = preSolution
		HideSolutionNode = FALSE
	EndGlobalSection
	GlobalSection(NestedProjects) = preSolution
		{717E2D6B-6D95-4124-9BDC-25D6A4C2DAA1} = {9CB50C3F-3B44-4DD3-8FD2-5EA9544CF395}
		{C7A70451-4FA3-44BC-B49E-216B08ED7201} = {9CB50C3F-3B44-4DD3-8FD2-5EA9544CF395}
		{106A11C4-5599-4DF1-915F-4E7FE18E343C} = {9CB50C3F-3B44-4DD3-8FD2-5EA9544CF395}
		{E14DCD9B-70ED-4CF5-86C9-7F69CE70C0BC} = {9CB50C3F-3B44-4DD3-8FD2-5EA9544CF395}
		{11E506C3-07F7-472A-BB79-E19BBA703E38} = {9CB50C3F-3B44-4DD3-8FD2-5EA9544CF395}
		{A1B2C3D4-5E6F-4A7B-8C9D-0E1F2A3B4C5D} = {9CB50C3F-3B44-4DD3-8FD2-5EA9544CF395}
		{7705E4BB-975D-4B37-93DD-58923142D395} = {9CB50C3F-3B44-4DD3-8FD2-5EA9544CF395}
		{54148FF3-92E5-492E-AC2F-089BCED919CE} = {9CB50C3F-3B44-4DD3-8FD2-5EA9544CF395}
		{96E1778C-ED0A-4A82-9933-0333AB527F3A} = {9CB50C3F-3B44-4DD3-8FD2-5EA9544CF395}
		{A7B8C9D0-1E2F-4A3B-5C6D-7E8F9A0B1C2D} = {9CB50C3F-3B44-4DD3-8FD2-5EA9544CF395}
		{C4909200-17C6-4705-81A6-C78AE9998808} = {9CB50C3F-3B44-4DD3-8FD2-5EA9544CF395}
		{AA2D0F91-1D03-4F6C-8F65-D5D7862CD4EA} = {9CB50C3F-3B44-4DD3-8FD2-5EA9544CF395}
		{2572DCFC-CA06-4442-B40C-076F3C88C62B} = {9CB50C3F-3B44-4DD3-8FD2-5EA9544CF395}
		{8BB7EAB4-AEDE-4552-8370-9C3F0E8E1EE5} = {9CB50C3F-3B44-4DD3-8FD2-5EA9544CF395}
		{A7F150EB-E49D-43D9-A151-82E56B4507E6} = {9CB50C3F-3B44-4DD3-8FD2-5EA9544CF395}
		{55B371B9-ABDA-4DFC-8F78-8B4A37B31F5A} = {9CB50C3F-3B44-4DD3-8FD2-5EA9544CF395}
		{3CBBD8D0-153C-4837-A13B-F0020D2A3AE1} = {9CB50C3F-3B44-4DD3-8FD2-5EA9544CF395}
		{363E56EF-108A-4158-97BB-1EEF8192DCE2} = {9CB50C3F-3B44-4DD3-8FD2-5EA9544CF395}
		{A1F0FD8D-47EB-4552-AFBB-41B113259AE4} = {9CB50C3F-3B44-4DD3-8FD2-5EA9544CF395}
		{A4EC8041-ADB8-4865-A08D-9DDBDF77DF31} = {9CB50C3F-3B44-4DD3-8FD2-5EA9544CF395}
	EndGlobalSection
EndGlobal
